// !$*UTF8*$!
{
	archiveVersion = 1;
	classes = {
	};
	objectVersion = 52;
	objects = {

/* Begin PBXBuildFile section */
		4F0134A7243CD0CB0023A572 /* ElevationChartView.swift in Sources */ = {isa = PBXBuildFile; fileRef = 4F0134A6243CD0CB0023A572 /* ElevationChartView.swift */; };
		4F135D93243857C4001B3F3F /* LensViewController.swift in Sources */ = {isa = PBXBuildFile; fileRef = 4F135D92243857C4001B3F3F /* LensViewController.swift */; };
		4F135D9524386FE8001B3F3F /* LensDetailViewController.swift in Sources */ = {isa = PBXBuildFile; fileRef = 4F135D9424386FE8001B3F3F /* LensDetailViewController.swift */; };
		4F13D831243457E400903059 /* Camera.swift in Sources */ = {isa = PBXBuildFile; fileRef = 4F13D830243457E400903059 /* Camera.swift */; };
		4F13D83324345B7400903059 /* View.swift in Sources */ = {isa = PBXBuildFile; fileRef = 4F13D83224345B7400903059 /* View.swift */; };
		4F22A07424458B22000DBF9E /* UIButton+imagealign.swift in Sources */ = {isa = PBXBuildFile; fileRef = 4F22A07324458B22000DBF9E /* UIButton+imagealign.swift */; };
		4F2E8A392436F3A0007C9360 /* SunMoon.swift in Sources */ = {isa = PBXBuildFile; fileRef = 4F2E8A382436F3A0007C9360 /* SunMoon.swift */; };
		4F2F8A0B245AC06C00B05989 /* UIStackView+background.swift in Sources */ = {isa = PBXBuildFile; fileRef = 4F2F8A0A245AC06C00B05989 /* UIStackView+background.swift */; };
		4F2FB2F7243EE58D00A5B37F /* InfoView.swift in Sources */ = {isa = PBXBuildFile; fileRef = 4F2FB2F6243EE58D00A5B37F /* InfoView.swift */; };
		4F323001244EB16000E6E834 /* Array+difference.swift in Sources */ = {isa = PBXBuildFile; fileRef = 4F323000244EB16000E6E834 /* Array+difference.swift */; };
		4F375E0D2448194900CF5534 /* PhotoSpotter.xcdatamodeld in Sources */ = {isa = PBXBuildFile; fileRef = 4F375E0B2448194900CF5534 /* PhotoSpotter.xcdatamodeld */; };
		4F41579B245005B40086B1CD /* Array+removeDuplicates.swift in Sources */ = {isa = PBXBuildFile; fileRef = 4F41579A245005B40086B1CD /* Array+removeDuplicates.swift */; };
		4F457A222446DDF500C3D770 /* CloudKit.framework in Frameworks */ = {isa = PBXBuildFile; fileRef = 4FC19F9A244450B1006A8FAF /* CloudKit.framework */; };
		4F5B01FA243B5C4800CDA088 /* RestManager.swift in Sources */ = {isa = PBXBuildFile; fileRef = 4F5B01F9243B5C4800CDA088 /* RestManager.swift */; };
		4F5DDD362435A29900A49C20 /* StateController.swift in Sources */ = {isa = PBXBuildFile; fileRef = 4F5DDD352435A29900A49C20 /* StateController.swift */; };
		4F5DDD382435A42E00A49C20 /* Constants.swift in Sources */ = {isa = PBXBuildFile; fileRef = 4F5DDD372435A42E00A49C20 /* Constants.swift */; };
		4F5DDD3A2435A8D500A49C20 /* FoVController.swift in Sources */ = {isa = PBXBuildFile; fileRef = 4F5DDD392435A8D500A49C20 /* FoVController.swift */; };
		4F79B0DA2439A50400F61CF4 /* ViewViewController.swift in Sources */ = {isa = PBXBuildFile; fileRef = 4F79B0D92439A50400F61CF4 /* ViewViewController.swift */; };
		4F79B0DC2439A80500F61CF4 /* ViewDetailViewController.swift in Sources */ = {isa = PBXBuildFile; fileRef = 4F79B0DB2439A80500F61CF4 /* ViewDetailViewController.swift */; };
		4F7D7B50242E270F00771992 /* AppDelegate.swift in Sources */ = {isa = PBXBuildFile; fileRef = 4F7D7B4F242E270F00771992 /* AppDelegate.swift */; };
		4F7D7B52242E270F00771992 /* SceneDelegate.swift in Sources */ = {isa = PBXBuildFile; fileRef = 4F7D7B51242E270F00771992 /* SceneDelegate.swift */; };
		4F7D7B54242E270F00771992 /* MapViewController.swift in Sources */ = {isa = PBXBuildFile; fileRef = 4F7D7B53242E270F00771992 /* MapViewController.swift */; };
		4F7D7B57242E270F00771992 /* Main.storyboard in Resources */ = {isa = PBXBuildFile; fileRef = 4F7D7B55242E270F00771992 /* Main.storyboard */; };
		4F7D7B59242E271000771992 /* Assets.xcassets in Resources */ = {isa = PBXBuildFile; fileRef = 4F7D7B58242E271000771992 /* Assets.xcassets */; };
		4F7D7B5C242E271000771992 /* LaunchScreen.storyboard in Resources */ = {isa = PBXBuildFile; fileRef = 4F7D7B5A242E271000771992 /* LaunchScreen.storyboard */; };
		4F7D7B72242E28D900771992 /* SensorFormat.swift in Sources */ = {isa = PBXBuildFile; fileRef = 4F7D7B64242E28D900771992 /* SensorFormat.swift */; };
		4F7D7B73242E28D900771992 /* FoVError.swift in Sources */ = {isa = PBXBuildFile; fileRef = 4F7D7B65242E28D900771992 /* FoVError.swift */; };
		4F7D7B77242E28D900771992 /* Helper.swift in Sources */ = {isa = PBXBuildFile; fileRef = 4F7D7B69242E28D900771992 /* Helper.swift */; };
		4F7D7B78242E28D900771992 /* Triangle.swift in Sources */ = {isa = PBXBuildFile; fileRef = 4F7D7B6A242E28D900771992 /* Triangle.swift */; };
		4F7D7B79242E28D900771992 /* Orientation.swift in Sources */ = {isa = PBXBuildFile; fileRef = 4F7D7B6B242E28D900771992 /* Orientation.swift */; };
		4F7D7B7B242E28D900771992 /* FoVData.swift in Sources */ = {isa = PBXBuildFile; fileRef = 4F7D7B6D242E28D900771992 /* FoVData.swift */; };
		4F7D7B7D242E28D900771992 /* Lens.swift in Sources */ = {isa = PBXBuildFile; fileRef = 4F7D7B6F242E28D900771992 /* Lens.swift */; };
		4F7D7B7E242E28D900771992 /* Trapezoid.swift in Sources */ = {isa = PBXBuildFile; fileRef = 4F7D7B70242E28D900771992 /* Trapezoid.swift */; };
		4F9164A8243C980F0039C697 /* UIImage+resize.swift in Sources */ = {isa = PBXBuildFile; fileRef = 4F9164A7243C980F0039C697 /* UIImage+resize.swift */; };
		4F9B85A724346EDD00289E8A /* ViewData.swift in Sources */ = {isa = PBXBuildFile; fileRef = 4F9B85A624346EDD00289E8A /* ViewData.swift */; };
		4F9B85AB2434CABF00289E8A /* CameraViewController.swift in Sources */ = {isa = PBXBuildFile; fileRef = 4F9B85AA2434CABF00289E8A /* CameraViewController.swift */; };
		4F9D5185245FFC2B002B0E5D /* Spot.swift in Sources */ = {isa = PBXBuildFile; fileRef = 4F9D5184245FFC2B002B0E5D /* Spot.swift */; };
		4F9D5187245FFC40002B0E5D /* SpotData.swift in Sources */ = {isa = PBXBuildFile; fileRef = 4F9D5186245FFC40002B0E5D /* SpotData.swift */; };
		4FAF22EA244D680E007D0BE6 /* CameraData.swift in Sources */ = {isa = PBXBuildFile; fileRef = 4FAF22E9244D680E007D0BE6 /* CameraData.swift */; };
		4FAF22EC244D6886007D0BE6 /* LensData.swift in Sources */ = {isa = PBXBuildFile; fileRef = 4FAF22EB244D6886007D0BE6 /* LensData.swift */; };
		4FB131EA245563E70084ADD8 /* TimeInterval+format.swift in Sources */ = {isa = PBXBuildFile; fileRef = 4FB131E9245563E70084ADD8 /* TimeInterval+format.swift */; };
		4FBC422924603C3600E09288 /* SpotViewController.swift in Sources */ = {isa = PBXBuildFile; fileRef = 4FBC422824603C3600E09288 /* SpotViewController.swift */; };
		4FBC422B24603C5900E09288 /* SpotDetailViewController.swift in Sources */ = {isa = PBXBuildFile; fileRef = 4FBC422A24603C5900E09288 /* SpotDetailViewController.swift */; };
		4FDF9E59244617AF00395923 /* CloudDataManager.swift in Sources */ = {isa = PBXBuildFile; fileRef = 4FDF9E58244617AF00395923 /* CloudDataManager.swift */; };
		4FF364F224376B0800A749A1 /* CameraDetailViewController.swift in Sources */ = {isa = PBXBuildFile; fileRef = 4FF364F124376B0800A749A1 /* CameraDetailViewController.swift */; };
/* End PBXBuildFile section */

/* Begin PBXFileReference section */
		4F0134A6243CD0CB0023A572 /* ElevationChartView.swift */ = {isa = PBXFileReference; lastKnownFileType = sourcecode.swift; path = ElevationChartView.swift; sourceTree = "<group>"; };
		4F135D92243857C4001B3F3F /* LensViewController.swift */ = {isa = PBXFileReference; lastKnownFileType = sourcecode.swift; path = LensViewController.swift; sourceTree = "<group>"; };
		4F135D9424386FE8001B3F3F /* LensDetailViewController.swift */ = {isa = PBXFileReference; lastKnownFileType = sourcecode.swift; path = LensDetailViewController.swift; sourceTree = "<group>"; };
		4F13D830243457E400903059 /* Camera.swift */ = {isa = PBXFileReference; lastKnownFileType = sourcecode.swift; path = Camera.swift; sourceTree = "<group>"; };
		4F13D83224345B7400903059 /* View.swift */ = {isa = PBXFileReference; lastKnownFileType = sourcecode.swift; path = View.swift; sourceTree = "<group>"; };
		4F22A07324458B22000DBF9E /* UIButton+imagealign.swift */ = {isa = PBXFileReference; lastKnownFileType = sourcecode.swift; path = "UIButton+imagealign.swift"; sourceTree = "<group>"; };
		4F2E8A382436F3A0007C9360 /* SunMoon.swift */ = {isa = PBXFileReference; lastKnownFileType = sourcecode.swift; path = SunMoon.swift; sourceTree = "<group>"; };
		4F2F8A0A245AC06C00B05989 /* UIStackView+background.swift */ = {isa = PBXFileReference; lastKnownFileType = sourcecode.swift; path = "UIStackView+background.swift"; sourceTree = "<group>"; };
		4F2FB2F6243EE58D00A5B37F /* InfoView.swift */ = {isa = PBXFileReference; lastKnownFileType = sourcecode.swift; path = InfoView.swift; sourceTree = "<group>"; };
		4F323000244EB16000E6E834 /* Array+difference.swift */ = {isa = PBXFileReference; lastKnownFileType = sourcecode.swift; path = "Array+difference.swift"; sourceTree = "<group>"; };
		4F375E0C2448194900CF5534 /* PhotoSpotter.xcdatamodel */ = {isa = PBXFileReference; lastKnownFileType = wrapper.xcdatamodel; path = PhotoSpotter.xcdatamodel; sourceTree = "<group>"; };
		4F41579A245005B40086B1CD /* Array+removeDuplicates.swift */ = {isa = PBXFileReference; lastKnownFileType = sourcecode.swift; path = "Array+removeDuplicates.swift"; sourceTree = "<group>"; };
		4F5B01F9243B5C4800CDA088 /* RestManager.swift */ = {isa = PBXFileReference; lastKnownFileType = sourcecode.swift; path = RestManager.swift; sourceTree = "<group>"; };
		4F5DDD352435A29900A49C20 /* StateController.swift */ = {isa = PBXFileReference; lastKnownFileType = sourcecode.swift; path = StateController.swift; sourceTree = "<group>"; };
		4F5DDD372435A42E00A49C20 /* Constants.swift */ = {isa = PBXFileReference; lastKnownFileType = sourcecode.swift; path = Constants.swift; sourceTree = "<group>"; };
		4F5DDD392435A8D500A49C20 /* FoVController.swift */ = {isa = PBXFileReference; lastKnownFileType = sourcecode.swift; path = FoVController.swift; sourceTree = "<group>"; };
		4F79B0D92439A50400F61CF4 /* ViewViewController.swift */ = {isa = PBXFileReference; lastKnownFileType = sourcecode.swift; path = ViewViewController.swift; sourceTree = "<group>"; };
		4F79B0DB2439A80500F61CF4 /* ViewDetailViewController.swift */ = {isa = PBXFileReference; lastKnownFileType = sourcecode.swift; path = ViewDetailViewController.swift; sourceTree = "<group>"; };
		4F7D7B4C242E270F00771992 /* PhotoSpotter.app */ = {isa = PBXFileReference; explicitFileType = wrapper.application; includeInIndex = 0; path = PhotoSpotter.app; sourceTree = BUILT_PRODUCTS_DIR; };
		4F7D7B4F242E270F00771992 /* AppDelegate.swift */ = {isa = PBXFileReference; lastKnownFileType = sourcecode.swift; path = AppDelegate.swift; sourceTree = "<group>"; };
		4F7D7B51242E270F00771992 /* SceneDelegate.swift */ = {isa = PBXFileReference; lastKnownFileType = sourcecode.swift; path = SceneDelegate.swift; sourceTree = "<group>"; };
		4F7D7B53242E270F00771992 /* MapViewController.swift */ = {isa = PBXFileReference; lastKnownFileType = sourcecode.swift; path = MapViewController.swift; sourceTree = "<group>"; };
		4F7D7B56242E270F00771992 /* Base */ = {isa = PBXFileReference; lastKnownFileType = file.storyboard; name = Base; path = Base.lproj/Main.storyboard; sourceTree = "<group>"; };
		4F7D7B58242E271000771992 /* Assets.xcassets */ = {isa = PBXFileReference; lastKnownFileType = folder.assetcatalog; path = Assets.xcassets; sourceTree = "<group>"; };
		4F7D7B5B242E271000771992 /* Base */ = {isa = PBXFileReference; lastKnownFileType = file.storyboard; name = Base; path = Base.lproj/LaunchScreen.storyboard; sourceTree = "<group>"; };
		4F7D7B5D242E271000771992 /* Info.plist */ = {isa = PBXFileReference; lastKnownFileType = text.plist.xml; path = Info.plist; sourceTree = "<group>"; };
		4F7D7B64242E28D900771992 /* SensorFormat.swift */ = {isa = PBXFileReference; fileEncoding = 4; lastKnownFileType = sourcecode.swift; path = SensorFormat.swift; sourceTree = "<group>"; };
		4F7D7B65242E28D900771992 /* FoVError.swift */ = {isa = PBXFileReference; fileEncoding = 4; lastKnownFileType = sourcecode.swift; path = FoVError.swift; sourceTree = "<group>"; };
		4F7D7B69242E28D900771992 /* Helper.swift */ = {isa = PBXFileReference; fileEncoding = 4; lastKnownFileType = sourcecode.swift; path = Helper.swift; sourceTree = "<group>"; };
		4F7D7B6A242E28D900771992 /* Triangle.swift */ = {isa = PBXFileReference; fileEncoding = 4; lastKnownFileType = sourcecode.swift; path = Triangle.swift; sourceTree = "<group>"; };
		4F7D7B6B242E28D900771992 /* Orientation.swift */ = {isa = PBXFileReference; fileEncoding = 4; lastKnownFileType = sourcecode.swift; path = Orientation.swift; sourceTree = "<group>"; };
		4F7D7B6D242E28D900771992 /* FoVData.swift */ = {isa = PBXFileReference; fileEncoding = 4; lastKnownFileType = sourcecode.swift; path = FoVData.swift; sourceTree = "<group>"; };
		4F7D7B6F242E28D900771992 /* Lens.swift */ = {isa = PBXFileReference; fileEncoding = 4; lastKnownFileType = sourcecode.swift; path = Lens.swift; sourceTree = "<group>"; };
		4F7D7B70242E28D900771992 /* Trapezoid.swift */ = {isa = PBXFileReference; fileEncoding = 4; lastKnownFileType = sourcecode.swift; path = Trapezoid.swift; sourceTree = "<group>"; };
		4F9164A7243C980F0039C697 /* UIImage+resize.swift */ = {isa = PBXFileReference; lastKnownFileType = sourcecode.swift; path = "UIImage+resize.swift"; sourceTree = "<group>"; };
		4F9B85A624346EDD00289E8A /* ViewData.swift */ = {isa = PBXFileReference; lastKnownFileType = sourcecode.swift; path = ViewData.swift; sourceTree = "<group>"; };
		4F9B85AA2434CABF00289E8A /* CameraViewController.swift */ = {isa = PBXFileReference; lastKnownFileType = sourcecode.swift; path = CameraViewController.swift; sourceTree = "<group>"; };
		4F9D5184245FFC2B002B0E5D /* Spot.swift */ = {isa = PBXFileReference; lastKnownFileType = sourcecode.swift; path = Spot.swift; sourceTree = "<group>"; };
		4F9D5186245FFC40002B0E5D /* SpotData.swift */ = {isa = PBXFileReference; lastKnownFileType = sourcecode.swift; path = SpotData.swift; sourceTree = "<group>"; };
		4FA94021244052EF009430D7 /* PhotoSpotter.entitlements */ = {isa = PBXFileReference; lastKnownFileType = text.plist.entitlements; path = PhotoSpotter.entitlements; sourceTree = "<group>"; };
		4FAF22E9244D680E007D0BE6 /* CameraData.swift */ = {isa = PBXFileReference; lastKnownFileType = sourcecode.swift; path = CameraData.swift; sourceTree = "<group>"; };
		4FAF22EB244D6886007D0BE6 /* LensData.swift */ = {isa = PBXFileReference; lastKnownFileType = sourcecode.swift; path = LensData.swift; sourceTree = "<group>"; };
		4FB131E9245563E70084ADD8 /* TimeInterval+format.swift */ = {isa = PBXFileReference; lastKnownFileType = sourcecode.swift; path = "TimeInterval+format.swift"; sourceTree = "<group>"; };
		4FBC422824603C3600E09288 /* SpotViewController.swift */ = {isa = PBXFileReference; lastKnownFileType = sourcecode.swift; path = SpotViewController.swift; sourceTree = "<group>"; };
		4FBC422A24603C5900E09288 /* SpotDetailViewController.swift */ = {isa = PBXFileReference; lastKnownFileType = sourcecode.swift; path = SpotDetailViewController.swift; sourceTree = "<group>"; };
		4FC19F9824444B5C006A8FAF /* CloudKit.framework */ = {isa = PBXFileReference; lastKnownFileType = wrapper.framework; name = CloudKit.framework; path = Platforms/MacOSX.platform/Developer/SDKs/MacOSX10.15.sdk/System/Library/Frameworks/CloudKit.framework; sourceTree = DEVELOPER_DIR; };
		4FC19F9A244450B1006A8FAF /* CloudKit.framework */ = {isa = PBXFileReference; lastKnownFileType = wrapper.framework; name = CloudKit.framework; path = System/Library/Frameworks/CloudKit.framework; sourceTree = SDKROOT; };
		4FDF9E58244617AF00395923 /* CloudDataManager.swift */ = {isa = PBXFileReference; lastKnownFileType = sourcecode.swift; path = CloudDataManager.swift; sourceTree = "<group>"; };
		4FF364F124376B0800A749A1 /* CameraDetailViewController.swift */ = {isa = PBXFileReference; lastKnownFileType = sourcecode.swift; path = CameraDetailViewController.swift; sourceTree = "<group>"; };
/* End PBXFileReference section */

/* Begin PBXFrameworksBuildPhase section */
		4F7D7B49242E270F00771992 /* Frameworks */ = {
			isa = PBXFrameworksBuildPhase;
			buildActionMask = 2147483647;
			files = (
				4F457A222446DDF500C3D770 /* CloudKit.framework in Frameworks */,
			);
			runOnlyForDeploymentPostprocessing = 0;
		};
/* End PBXFrameworksBuildPhase section */

/* Begin PBXGroup section */
		4F7D7B43242E270F00771992 = {
			isa = PBXGroup;
			children = (
				4F7D7B4E242E270F00771992 /* PhotoSpotter */,
				4F7D7B4D242E270F00771992 /* Products */,
				4FC19F9724444B5C006A8FAF /* Frameworks */,
			);
			sourceTree = "<group>";
		};
		4F7D7B4D242E270F00771992 /* Products */ = {
			isa = PBXGroup;
			children = (
				4F7D7B4C242E270F00771992 /* PhotoSpotter.app */,
			);
			name = Products;
			sourceTree = "<group>";
		};
		4F7D7B4E242E270F00771992 /* PhotoSpotter */ = {
			isa = PBXGroup;
			children = (
				4F7D7B6D242E28D900771992 /* FoVData.swift */,
				4F13D830243457E400903059 /* Camera.swift */,
				4FAF22E9244D680E007D0BE6 /* CameraData.swift */,
				4F7D7B6F242E28D900771992 /* Lens.swift */,
				4FAF22EB244D6886007D0BE6 /* LensData.swift */,
				4F9D5184245FFC2B002B0E5D /* Spot.swift */,
				4F9D5186245FFC40002B0E5D /* SpotData.swift */,
				4F13D83224345B7400903059 /* View.swift */,
				4F9B85A624346EDD00289E8A /* ViewData.swift */,
				4F7D7B53242E270F00771992 /* MapViewController.swift */,
				4F9B85AA2434CABF00289E8A /* CameraViewController.swift */,
				4FF364F124376B0800A749A1 /* CameraDetailViewController.swift */,
				4F135D92243857C4001B3F3F /* LensViewController.swift */,
				4F135D9424386FE8001B3F3F /* LensDetailViewController.swift */,
				4FBC422824603C3600E09288 /* SpotViewController.swift */,
				4FBC422A24603C5900E09288 /* SpotDetailViewController.swift */,
				4F79B0D92439A50400F61CF4 /* ViewViewController.swift */,
				4F79B0DB2439A80500F61CF4 /* ViewDetailViewController.swift */,
				4F7D7B6B242E28D900771992 /* Orientation.swift */,
				4F7D7B64242E28D900771992 /* SensorFormat.swift */,
				4F7D7B70242E28D900771992 /* Trapezoid.swift */,
				4F7D7B6A242E28D900771992 /* Triangle.swift */,
				4F7D7B69242E28D900771992 /* Helper.swift */,
				4F5B01F9243B5C4800CDA088 /* RestManager.swift */,
				4FDF9E58244617AF00395923 /* CloudDataManager.swift */,
				4F5DDD372435A42E00A49C20 /* Constants.swift */,
				4F7D7B65242E28D900771992 /* FoVError.swift */,
				4F7D7B5D242E271000771992 /* Info.plist */,
				4F5DDD392435A8D500A49C20 /* FoVController.swift */,
				4F0134A6243CD0CB0023A572 /* ElevationChartView.swift */,
				4F2E8A382436F3A0007C9360 /* SunMoon.swift */,
				4F2FB2F6243EE58D00A5B37F /* InfoView.swift */,
				4F5DDD352435A29900A49C20 /* StateController.swift */,
				4F7D7B5A242E271000771992 /* LaunchScreen.storyboard */,
				4F7D7B55242E270F00771992 /* Main.storyboard */,
				4F7D7B4F242E270F00771992 /* AppDelegate.swift */,
				4F7D7B51242E270F00771992 /* SceneDelegate.swift */,
				4FA94021244052EF009430D7 /* PhotoSpotter.entitlements */,
				4F375E0B2448194900CF5534 /* PhotoSpotter.xcdatamodeld */,
				4F7D7B58242E271000771992 /* Assets.xcassets */,
				4F894B5D242FB61E00B27FCC /* Extensions */,
			);
			path = PhotoSpotter;
			sourceTree = "<group>";
		};
		4F894B5D242FB61E00B27FCC /* Extensions */ = {
			isa = PBXGroup;
			children = (
				4F9164A7243C980F0039C697 /* UIImage+resize.swift */,
				4F22A07324458B22000DBF9E /* UIButton+imagealign.swift */,
				4F323000244EB16000E6E834 /* Array+difference.swift */,
				4F41579A245005B40086B1CD /* Array+removeDuplicates.swift */,
				4FB131E9245563E70084ADD8 /* TimeInterval+format.swift */,
				4F2F8A0A245AC06C00B05989 /* UIStackView+background.swift */,
			);
			path = Extensions;
			sourceTree = "<group>";
		};
		4FC19F9724444B5C006A8FAF /* Frameworks */ = {
			isa = PBXGroup;
			children = (
				4FC19F9A244450B1006A8FAF /* CloudKit.framework */,
				4FC19F9824444B5C006A8FAF /* CloudKit.framework */,
			);
			name = Frameworks;
			sourceTree = "<group>";
		};
/* End PBXGroup section */

/* Begin PBXNativeTarget section */
		4F7D7B4B242E270F00771992 /* PhotoSpotter */ = {
			isa = PBXNativeTarget;
			buildConfigurationList = 4F7D7B60242E271000771992 /* Build configuration list for PBXNativeTarget "PhotoSpotter" */;
			buildPhases = (
				4F7D7B48242E270F00771992 /* Sources */,
				4F7D7B49242E270F00771992 /* Frameworks */,
				4F7D7B4A242E270F00771992 /* Resources */,
			);
			buildRules = (
			);
			dependencies = (
			);
			name = PhotoSpotter;
			productName = CamFoV;
			productReference = 4F7D7B4C242E270F00771992 /* PhotoSpotter.app */;
			productType = "com.apple.product-type.application";
		};
/* End PBXNativeTarget section */

/* Begin PBXProject section */
		4F7D7B44242E270F00771992 /* Project object */ = {
			isa = PBXProject;
			attributes = {
				LastSwiftUpdateCheck = 1140;
				LastUpgradeCheck = 1140;
				ORGANIZATIONNAME = "Gerrit Grunwald";
				TargetAttributes = {
					4F7D7B4B242E270F00771992 = {
						CreatedOnToolsVersion = 11.4;
					};
				};
			};
			buildConfigurationList = 4F7D7B47242E270F00771992 /* Build configuration list for PBXProject "PhotoSpotter" */;
			compatibilityVersion = "Xcode 11.0";
			developmentRegion = en;
			hasScannedForEncodings = 0;
			knownRegions = (
				en,
				Base,
			);
			mainGroup = 4F7D7B43242E270F00771992;
			productRefGroup = 4F7D7B4D242E270F00771992 /* Products */;
			projectDirPath = "";
			projectRoot = "";
			targets = (
				4F7D7B4B242E270F00771992 /* PhotoSpotter */,
			);
		};
/* End PBXProject section */

/* Begin PBXResourcesBuildPhase section */
		4F7D7B4A242E270F00771992 /* Resources */ = {
			isa = PBXResourcesBuildPhase;
			buildActionMask = 2147483647;
			files = (
				4F7D7B5C242E271000771992 /* LaunchScreen.storyboard in Resources */,
				4F7D7B59242E271000771992 /* Assets.xcassets in Resources */,
				4F7D7B57242E270F00771992 /* Main.storyboard in Resources */,
			);
			runOnlyForDeploymentPostprocessing = 0;
		};
/* End PBXResourcesBuildPhase section */

/* Begin PBXSourcesBuildPhase section */
		4F7D7B48242E270F00771992 /* Sources */ = {
			isa = PBXSourcesBuildPhase;
			buildActionMask = 2147483647;
			files = (
				4F7D7B54242E270F00771992 /* MapViewController.swift in Sources */,
				4F41579B245005B40086B1CD /* Array+removeDuplicates.swift in Sources */,
				4F9164A8243C980F0039C697 /* UIImage+resize.swift in Sources */,
				4F135D93243857C4001B3F3F /* LensViewController.swift in Sources */,
				4F79B0DC2439A80500F61CF4 /* ViewDetailViewController.swift in Sources */,
				4F7D7B72242E28D900771992 /* SensorFormat.swift in Sources */,
				4F9B85AB2434CABF00289E8A /* CameraViewController.swift in Sources */,
				4F7D7B79242E28D900771992 /* Orientation.swift in Sources */,
				4FBC422924603C3600E09288 /* SpotViewController.swift in Sources */,
				4F7D7B7E242E28D900771992 /* Trapezoid.swift in Sources */,
				4F2FB2F7243EE58D00A5B37F /* InfoView.swift in Sources */,
				4F13D83324345B7400903059 /* View.swift in Sources */,
				4F135D9524386FE8001B3F3F /* LensDetailViewController.swift in Sources */,
				4F5DDD362435A29900A49C20 /* StateController.swift in Sources */,
				4F22A07424458B22000DBF9E /* UIButton+imagealign.swift in Sources */,
				4F7D7B50242E270F00771992 /* AppDelegate.swift in Sources */,
				4FAF22EA244D680E007D0BE6 /* CameraData.swift in Sources */,
				4FB131EA245563E70084ADD8 /* TimeInterval+format.swift in Sources */,
				4F13D831243457E400903059 /* Camera.swift in Sources */,
				4F7D7B7D242E28D900771992 /* Lens.swift in Sources */,
				4F7D7B73242E28D900771992 /* FoVError.swift in Sources */,
				4F7D7B7B242E28D900771992 /* FoVData.swift in Sources */,
				4F375E0D2448194900CF5534 /* PhotoSpotter.xcdatamodeld in Sources */,
				4F5B01FA243B5C4800CDA088 /* RestManager.swift in Sources */,
				4F7D7B78242E28D900771992 /* Triangle.swift in Sources */,
				4F323001244EB16000E6E834 /* Array+difference.swift in Sources */,
				4FAF22EC244D6886007D0BE6 /* LensData.swift in Sources */,
				4FF364F224376B0800A749A1 /* CameraDetailViewController.swift in Sources */,
				4F7D7B77242E28D900771992 /* Helper.swift in Sources */,
				4F2F8A0B245AC06C00B05989 /* UIStackView+background.swift in Sources */,
				4F9D5185245FFC2B002B0E5D /* Spot.swift in Sources */,
				4F9B85A724346EDD00289E8A /* ViewData.swift in Sources */,
				4F9D5187245FFC40002B0E5D /* SpotData.swift in Sources */,
				4F7D7B52242E270F00771992 /* SceneDelegate.swift in Sources */,
				4F5DDD382435A42E00A49C20 /* Constants.swift in Sources */,
				4FBC422B24603C5900E09288 /* SpotDetailViewController.swift in Sources */,
				4FDF9E59244617AF00395923 /* CloudDataManager.swift in Sources */,
				4F79B0DA2439A50400F61CF4 /* ViewViewController.swift in Sources */,
				4F5DDD3A2435A8D500A49C20 /* FoVController.swift in Sources */,
				4F2E8A392436F3A0007C9360 /* SunMoon.swift in Sources */,
				4F0134A7243CD0CB0023A572 /* ElevationChartView.swift in Sources */,
			);
			runOnlyForDeploymentPostprocessing = 0;
		};
/* End PBXSourcesBuildPhase section */

/* Begin PBXVariantGroup section */
		4F7D7B55242E270F00771992 /* Main.storyboard */ = {
			isa = PBXVariantGroup;
			children = (
				4F7D7B56242E270F00771992 /* Base */,
			);
			name = Main.storyboard;
			sourceTree = "<group>";
		};
		4F7D7B5A242E271000771992 /* LaunchScreen.storyboard */ = {
			isa = PBXVariantGroup;
			children = (
				4F7D7B5B242E271000771992 /* Base */,
			);
			name = LaunchScreen.storyboard;
			sourceTree = "<group>";
		};
/* End PBXVariantGroup section */

/* Begin XCBuildConfiguration section */
		4F7D7B5E242E271000771992 /* Debug */ = {
			isa = XCBuildConfiguration;
			buildSettings = {
				ALWAYS_SEARCH_USER_PATHS = NO;
				CLANG_ANALYZER_NONNULL = YES;
				CLANG_ANALYZER_NUMBER_OBJECT_CONVERSION = YES_AGGRESSIVE;
				CLANG_CXX_LANGUAGE_STANDARD = "gnu++14";
				CLANG_CXX_LIBRARY = "libc++";
				CLANG_ENABLE_MODULES = YES;
				CLANG_ENABLE_OBJC_ARC = YES;
				CLANG_ENABLE_OBJC_WEAK = YES;
				CLANG_WARN_BLOCK_CAPTURE_AUTORELEASING = YES;
				CLANG_WARN_BOOL_CONVERSION = YES;
				CLANG_WARN_COMMA = YES;
				CLANG_WARN_CONSTANT_CONVERSION = YES;
				CLANG_WARN_DEPRECATED_OBJC_IMPLEMENTATIONS = YES;
				CLANG_WARN_DIRECT_OBJC_ISA_USAGE = YES_ERROR;
				CLANG_WARN_DOCUMENTATION_COMMENTS = YES;
				CLANG_WARN_EMPTY_BODY = YES;
				CLANG_WARN_ENUM_CONVERSION = YES;
				CLANG_WARN_INFINITE_RECURSION = YES;
				CLANG_WARN_INT_CONVERSION = YES;
				CLANG_WARN_NON_LITERAL_NULL_CONVERSION = YES;
				CLANG_WARN_OBJC_IMPLICIT_RETAIN_SELF = YES;
				CLANG_WARN_OBJC_LITERAL_CONVERSION = YES;
				CLANG_WARN_OBJC_ROOT_CLASS = YES_ERROR;
				CLANG_WARN_RANGE_LOOP_ANALYSIS = YES;
				CLANG_WARN_STRICT_PROTOTYPES = YES;
				CLANG_WARN_SUSPICIOUS_MOVE = YES;
				CLANG_WARN_UNGUARDED_AVAILABILITY = YES_AGGRESSIVE;
				CLANG_WARN_UNREACHABLE_CODE = YES;
				CLANG_WARN__DUPLICATE_METHOD_MATCH = YES;
				COPY_PHASE_STRIP = NO;
				DEBUG_INFORMATION_FORMAT = dwarf;
				ENABLE_STRICT_OBJC_MSGSEND = YES;
				ENABLE_TESTABILITY = YES;
				GCC_C_LANGUAGE_STANDARD = gnu11;
				GCC_DYNAMIC_NO_PIC = NO;
				GCC_NO_COMMON_BLOCKS = YES;
				GCC_OPTIMIZATION_LEVEL = 0;
				GCC_PREPROCESSOR_DEFINITIONS = (
					"DEBUG=1",
					"$(inherited)",
				);
				GCC_WARN_64_TO_32_BIT_CONVERSION = YES;
				GCC_WARN_ABOUT_RETURN_TYPE = YES_ERROR;
				GCC_WARN_UNDECLARED_SELECTOR = YES;
				GCC_WARN_UNINITIALIZED_AUTOS = YES_AGGRESSIVE;
				GCC_WARN_UNUSED_FUNCTION = YES;
				GCC_WARN_UNUSED_VARIABLE = YES;
				IPHONEOS_DEPLOYMENT_TARGET = 13.4;
				MTL_ENABLE_DEBUG_INFO = INCLUDE_SOURCE;
				MTL_FAST_MATH = YES;
				ONLY_ACTIVE_ARCH = YES;
				SDKROOT = iphoneos;
				SWIFT_ACTIVE_COMPILATION_CONDITIONS = DEBUG;
				SWIFT_OPTIMIZATION_LEVEL = "-Onone";
				TARGETED_DEVICE_FAMILY = 2;
			};
			name = Debug;
		};
		4F7D7B5F242E271000771992 /* Release */ = {
			isa = XCBuildConfiguration;
			buildSettings = {
				ALWAYS_SEARCH_USER_PATHS = NO;
				CLANG_ANALYZER_NONNULL = YES;
				CLANG_ANALYZER_NUMBER_OBJECT_CONVERSION = YES_AGGRESSIVE;
				CLANG_CXX_LANGUAGE_STANDARD = "gnu++14";
				CLANG_CXX_LIBRARY = "libc++";
				CLANG_ENABLE_MODULES = YES;
				CLANG_ENABLE_OBJC_ARC = YES;
				CLANG_ENABLE_OBJC_WEAK = YES;
				CLANG_WARN_BLOCK_CAPTURE_AUTORELEASING = YES;
				CLANG_WARN_BOOL_CONVERSION = YES;
				CLANG_WARN_COMMA = YES;
				CLANG_WARN_CONSTANT_CONVERSION = YES;
				CLANG_WARN_DEPRECATED_OBJC_IMPLEMENTATIONS = YES;
				CLANG_WARN_DIRECT_OBJC_ISA_USAGE = YES_ERROR;
				CLANG_WARN_DOCUMENTATION_COMMENTS = YES;
				CLANG_WARN_EMPTY_BODY = YES;
				CLANG_WARN_ENUM_CONVERSION = YES;
				CLANG_WARN_INFINITE_RECURSION = YES;
				CLANG_WARN_INT_CONVERSION = YES;
				CLANG_WARN_NON_LITERAL_NULL_CONVERSION = YES;
				CLANG_WARN_OBJC_IMPLICIT_RETAIN_SELF = YES;
				CLANG_WARN_OBJC_LITERAL_CONVERSION = YES;
				CLANG_WARN_OBJC_ROOT_CLASS = YES_ERROR;
				CLANG_WARN_RANGE_LOOP_ANALYSIS = YES;
				CLANG_WARN_STRICT_PROTOTYPES = YES;
				CLANG_WARN_SUSPICIOUS_MOVE = YES;
				CLANG_WARN_UNGUARDED_AVAILABILITY = YES_AGGRESSIVE;
				CLANG_WARN_UNREACHABLE_CODE = YES;
				CLANG_WARN__DUPLICATE_METHOD_MATCH = YES;
				COPY_PHASE_STRIP = NO;
				DEBUG_INFORMATION_FORMAT = "dwarf-with-dsym";
				ENABLE_NS_ASSERTIONS = NO;
				ENABLE_STRICT_OBJC_MSGSEND = YES;
				GCC_C_LANGUAGE_STANDARD = gnu11;
				GCC_NO_COMMON_BLOCKS = YES;
				GCC_WARN_64_TO_32_BIT_CONVERSION = YES;
				GCC_WARN_ABOUT_RETURN_TYPE = YES_ERROR;
				GCC_WARN_UNDECLARED_SELECTOR = YES;
				GCC_WARN_UNINITIALIZED_AUTOS = YES_AGGRESSIVE;
				GCC_WARN_UNUSED_FUNCTION = YES;
				GCC_WARN_UNUSED_VARIABLE = YES;
				IPHONEOS_DEPLOYMENT_TARGET = 13.4;
				MTL_ENABLE_DEBUG_INFO = NO;
				MTL_FAST_MATH = YES;
				SDKROOT = iphoneos;
				SWIFT_COMPILATION_MODE = wholemodule;
				SWIFT_OPTIMIZATION_LEVEL = "-O";
				TARGETED_DEVICE_FAMILY = 2;
				VALIDATE_PRODUCT = YES;
			};
			name = Release;
		};
		4F7D7B61242E271000771992 /* Debug */ = {
			isa = XCBuildConfiguration;
			buildSettings = {
				ASSETCATALOG_COMPILER_APPICON_NAME = AppIcon;
				CODE_SIGN_ENTITLEMENTS = PhotoSpotter/PhotoSpotter.entitlements;
				CODE_SIGN_IDENTITY = "Apple Development";
				"CODE_SIGN_IDENTITY[sdk=macosx*]" = "Apple Development";
				CODE_SIGN_STYLE = Automatic;
				DEVELOPMENT_TEAM = L4A7549EHC;
				INFOPLIST_FILE = "$(SRCROOT)/PhotoSpotter/Info.plist";
				LD_RUNPATH_SEARCH_PATHS = (
					"$(inherited)",
					"@executable_path/Frameworks",
				);
				MARKETING_VERSION = 1.3;
				PRODUCT_BUNDLE_IDENTIFIER = eu.hansolo.PhotoSpotter;
				"PRODUCT_BUNDLE_IDENTIFIER[sdk=macosx*]" = maccatalyst.eu.hansolo.PhotoSpotter;
				PRODUCT_NAME = PhotoSpotter;
				PROVISIONING_PROFILE_SPECIFIER = "";
				"PROVISIONING_PROFILE_SPECIFIER[sdk=macosx*]" = "";
				SUPPORTS_MACCATALYST = YES;
				SWIFT_VERSION = 5.0;
				TARGETED_DEVICE_FAMILY = 2;
				VERSIONING_SYSTEM = "apple-generic";
			};
			name = Debug;
		};
		4F7D7B62242E271000771992 /* Release */ = {
			isa = XCBuildConfiguration;
			buildSettings = {
				ASSETCATALOG_COMPILER_APPICON_NAME = AppIcon;
				CODE_SIGN_ENTITLEMENTS = PhotoSpotter/PhotoSpotter.entitlements;
				CODE_SIGN_IDENTITY = "Apple Development";
				"CODE_SIGN_IDENTITY[sdk=macosx*]" = "Apple Development";
				CODE_SIGN_STYLE = Automatic;
				DEVELOPMENT_TEAM = L4A7549EHC;
				INFOPLIST_FILE = "$(SRCROOT)/PhotoSpotter/Info.plist";
				LD_RUNPATH_SEARCH_PATHS = (
					"$(inherited)",
					"@executable_path/Frameworks",
				);
				MARKETING_VERSION = 1.3;
				ONLY_ACTIVE_ARCH = YES;
				PRODUCT_BUNDLE_IDENTIFIER = eu.hansolo.PhotoSpotter;
				"PRODUCT_BUNDLE_IDENTIFIER[sdk=macosx*]" = maccatalyst.eu.hansolo.PhotoSpotter;
				PRODUCT_NAME = PhotoSpotter;
				PROVISIONING_PROFILE_SPECIFIER = "";
				"PROVISIONING_PROFILE_SPECIFIER[sdk=macosx*]" = "";
				SUPPORTS_MACCATALYST = YES;
				SWIFT_VERSION = 5.0;
				TARGETED_DEVICE_FAMILY = 2;
				VERSIONING_SYSTEM = "apple-generic";
			};
			name = Release;
		};
/* End XCBuildConfiguration section */

/* Begin XCConfigurationList section */
		4F7D7B47242E270F00771992 /* Build configuration list for PBXProject "PhotoSpotter" */ = {
			isa = XCConfigurationList;
			buildConfigurations = (
				4F7D7B5E242E271000771992 /* Debug */,
				4F7D7B5F242E271000771992 /* Release */,
			);
			defaultConfigurationIsVisible = 0;
			defaultConfigurationName = Release;
		};
		4F7D7B60242E271000771992 /* Build configuration list for PBXNativeTarget "PhotoSpotter" */ = {
			isa = XCConfigurationList;
			buildConfigurations = (
				4F7D7B61242E271000771992 /* Debug */,
				4F7D7B62242E271000771992 /* Release */,
			);
			defaultConfigurationIsVisible = 0;
			defaultConfigurationName = Release;
		};
/* End XCConfigurationList section */

/* Begin XCVersionGroup section */
		4F375E0B2448194900CF5534 /* PhotoSpotter.xcdatamodeld */ = {
			isa = XCVersionGroup;
			children = (
				4F375E0C2448194900CF5534 /* PhotoSpotter.xcdatamodel */,
			);
			currentVersion = 4F375E0C2448194900CF5534 /* PhotoSpotter.xcdatamodel */;
			path = PhotoSpotter.xcdatamodeld;
			sourceTree = "<group>";
			versionGroupType = wrapper.xcdatamodel;
		};
/* End XCVersionGroup section */
	};
	rootObject = 4F7D7B44242E270F00771992 /* Project object */;
}
